# THIS IS AN AUTOGENERATED FILE. DO NOT EDIT THIS FILE DIRECTLY.
# yarn lockfile v1


"@ckeditor/ckeditor5-adapter-ckfinder@41.2.1":
  version "41.2.1"
  resolved "https://registry.yarnpkg.com/@ckeditor/ckeditor5-adapter-ckfinder/-/ckeditor5-adapter-ckfinder-41.2.1.tgz#a2bfe3f527f24230bbf51d3662f4c251d2852ebe"
  integrity sha512-TpbJ1eflEQEkp3gaReEUoBP8rYoByhyJ4sgKamSr8/V5fDM4tqWllN/5IFXCfd8FQFa/PhKQTfZlQI/+wu8Ggw==
  dependencies:
    ckeditor5 "41.2.1"

"@ckeditor/ckeditor5-autoformat@41.2.1":
  version "41.2.1"
  resolved "https://registry.yarnpkg.com/@ckeditor/ckeditor5-autoformat/-/ckeditor5-autoformat-41.2.1.tgz#7395da15b43309f798bd01bb1c9d38e835e4c873"
  integrity sha512-PG+qu+qSzEpH69S6pcSOLO1nTqyTG2JqQLFrs+BlGfX7fryXeoZrLfIP5OQLZjQb1NMcPuzHSBSH1FgSXNTolw==
  dependencies:
    ckeditor5 "41.2.1"

"@ckeditor/ckeditor5-basic-styles@41.2.1":
  version "41.2.1"
  resolved "https://registry.yarnpkg.com/@ckeditor/ckeditor5-basic-styles/-/ckeditor5-basic-styles-41.2.1.tgz#0af728105cafa6f5e77bebb8344fb22e5ef534a3"
  integrity sha512-noOO9j3zyFbyEC96hwxk7vPSKruxIc5vBtKPwrn5kx9KNYJOO0l/tzAi+FmYww1W64nX5/V1g26FcLDQlb814A==
  dependencies:
    ckeditor5 "41.2.1"

"@ckeditor/ckeditor5-block-quote@41.2.1":
  version "41.2.1"
  resolved "https://registry.yarnpkg.com/@ckeditor/ckeditor5-block-quote/-/ckeditor5-block-quote-41.2.1.tgz#77fe17021f1c2d940192150529e24a5f51434367"
  integrity sha512-47dOvlnwgZcoYpOtyOypIAdH4WJaQyK93jTroJJyTrj6WNhz0BxvyWcJ4lWg0rBioQz7B9In4L4cfVkOjoSQFA==
  dependencies:
    ckeditor5 "41.2.1"

"@ckeditor/ckeditor5-build-classic@^41.2.1":
  version "41.2.1"
  resolved "https://registry.yarnpkg.com/@ckeditor/ckeditor5-build-classic/-/ckeditor5-build-classic-41.2.1.tgz#2a706a6af4e48195d13f72c116796018dc039e5b"
  integrity sha512-j3xe/JhjHmhvnrv3QYsCvxAPe7cligkovoH3SDBC0lkvawJW34IRNp77kBh2o7C9hlKjuuE7k9e8IE/fGBkR/g==
  dependencies:
    "@ckeditor/ckeditor5-adapter-ckfinder" "41.2.1"
    "@ckeditor/ckeditor5-autoformat" "41.2.1"
    "@ckeditor/ckeditor5-basic-styles" "41.2.1"
    "@ckeditor/ckeditor5-block-quote" "41.2.1"
    "@ckeditor/ckeditor5-ckbox" "41.2.1"
    "@ckeditor/ckeditor5-ckfinder" "41.2.1"
    "@ckeditor/ckeditor5-cloud-services" "41.2.1"
    "@ckeditor/ckeditor5-easy-image" "41.2.1"
    "@ckeditor/ckeditor5-editor-classic" "41.2.1"
    "@ckeditor/ckeditor5-essentials" "41.2.1"
    "@ckeditor/ckeditor5-heading" "41.2.1"
    "@ckeditor/ckeditor5-image" "41.2.1"
    "@ckeditor/ckeditor5-indent" "41.2.1"
    "@ckeditor/ckeditor5-link" "41.2.1"
    "@ckeditor/ckeditor5-list" "41.2.1"
    "@ckeditor/ckeditor5-media-embed" "41.2.1"
    "@ckeditor/ckeditor5-paragraph" "41.2.1"
    "@ckeditor/ckeditor5-paste-from-office" "41.2.1"
    "@ckeditor/ckeditor5-table" "41.2.1"
    "@ckeditor/ckeditor5-typing" "41.2.1"

"@ckeditor/ckeditor5-ckbox@41.2.1":
  version "41.2.1"
  resolved "https://registry.yarnpkg.com/@ckeditor/ckeditor5-ckbox/-/ckeditor5-ckbox-41.2.1.tgz#e8bd4f590955e53f6faf688db786c2a1e5bb6325"
  integrity sha512-Te/DK88vF+uaGf1uOkaU/qIChqEHOnf2XwylgE0JGwxUaeVfhCtFe79xlZwXLYze299CINqAAdVC54/pL8uT2g==
  dependencies:
    blurhash "2.0.5"
    ckeditor5 "41.2.1"
    lodash-es "4.17.21"

"@ckeditor/ckeditor5-ckfinder@41.2.1":
  version "41.2.1"
  resolved "https://registry.yarnpkg.com/@ckeditor/ckeditor5-ckfinder/-/ckeditor5-ckfinder-41.2.1.tgz#4e6259d14af6de8c454b79a034f05b7342a4032a"
  integrity sha512-qAUmlnNaX/nXieHCIHDH7EfU0TzRjFKKsQbPGIC9WCBtO6SEKrZRIaE4FGnBq4HQkacfnPK6gFPWzY8Kx2Bvug==
  dependencies:
    ckeditor5 "41.2.1"

"@ckeditor/ckeditor5-clipboard@41.2.1":
  version "41.2.1"
  resolved "https://registry.yarnpkg.com/@ckeditor/ckeditor5-clipboard/-/ckeditor5-clipboard-41.2.1.tgz#c085f13c2d093759f53ad7332e98555d8544a84b"
  integrity sha512-ZhmkwxFd+wDK5Wa+uqfHsMzXHnAvJWjGNNggbHcA2sxPQEifTVQaA06Ritmm37qCkDdIxcriDBx2OL5ATkMxGQ==
  dependencies:
    "@ckeditor/ckeditor5-core" "41.2.1"
    "@ckeditor/ckeditor5-engine" "41.2.1"
    "@ckeditor/ckeditor5-ui" "41.2.1"
    "@ckeditor/ckeditor5-utils" "41.2.1"
    "@ckeditor/ckeditor5-widget" "41.2.1"
    lodash-es "4.17.21"

"@ckeditor/ckeditor5-cloud-services@41.2.1":
  version "41.2.1"
  resolved "https://registry.yarnpkg.com/@ckeditor/ckeditor5-cloud-services/-/ckeditor5-cloud-services-41.2.1.tgz#e251de546e8abd59b29c6e802d47a0da8cb28d6a"
  integrity sha512-kfTQKTQQxTUxhb87ckFLV9aMrH5Tn+JswzI1q9M0I8MZQVPq7anMXYbfGrY2eRNo8Fi55MbvCwf2dlJXCbZkKg==
  dependencies:
    ckeditor5 "41.2.1"

"@ckeditor/ckeditor5-core@41.2.1":
  version "41.2.1"
  resolved "https://registry.yarnpkg.com/@ckeditor/ckeditor5-core/-/ckeditor5-core-41.2.1.tgz#908e04b5c933539c7a5edcaaa6e464bf0c405292"
  integrity sha512-h75yyYy17a8Zj7SayWcNCevzD/JKosHGDIeGQht4R0HxfT+/108AGxRA8ELpAaiPTvb9uoOLSQg5DiM/hPjHuQ==
  dependencies:
    "@ckeditor/ckeditor5-engine" "41.2.1"
    "@ckeditor/ckeditor5-utils" "41.2.1"
    lodash-es "4.17.21"

"@ckeditor/ckeditor5-easy-image@41.2.1":
  version "41.2.1"
  resolved "https://registry.yarnpkg.com/@ckeditor/ckeditor5-easy-image/-/ckeditor5-easy-image-41.2.1.tgz#7ea356ec3715ae33e58a25983c17c3274ea69bba"
  integrity sha512-m4GKKtkipdnh0tGf1TOZJVRkaH3h6Zeq6jaq2JJ1BGmUbdX0TtHrTPhdzm/3xfyJF8HcF685NqYSi1jnl1Zl4g==
  dependencies:
    ckeditor5 "41.2.1"

"@ckeditor/ckeditor5-editor-classic@41.2.1":
  version "41.2.1"
  resolved "https://registry.yarnpkg.com/@ckeditor/ckeditor5-editor-classic/-/ckeditor5-editor-classic-41.2.1.tgz#5c9156bd75a5abd6bd0774563e11a8bac237ea94"
  integrity sha512-csja7Iy2fEtiuTyLp6GJuJW087XTu2azqGGnZzjQFkKIOWCEYlffStvWDb8vZfYasfltME8pSbGw4UYvWLeWfw==
  dependencies:
    ckeditor5 "41.2.1"
    lodash-es "4.17.21"

"@ckeditor/ckeditor5-engine@41.2.1":
  version "41.2.1"
  resolved "https://registry.yarnpkg.com/@ckeditor/ckeditor5-engine/-/ckeditor5-engine-41.2.1.tgz#e385298975b607feb9600c55d270ad0d06dbb36a"
  integrity sha512-p2XtuSL7TGzgKHWPV/N8M0bX0I/ygmBTZ+D90TwqgW8cKCNYCTluQvceAleoRJAuovPK/KAi8OeDj/TjXXkakA==
  dependencies:
    "@ckeditor/ckeditor5-utils" "41.2.1"
    lodash-es "4.17.21"

"@ckeditor/ckeditor5-enter@41.2.1":
  version "41.2.1"
  resolved "https://registry.yarnpkg.com/@ckeditor/ckeditor5-enter/-/ckeditor5-enter-41.2.1.tgz#1c6a4a1750cbba2518ac98073b74e2c1d7f02c55"
  integrity sha512-3YUmf3Vd5xMfA8MUau97tvmNCMH5Kbmqz44gq0ekAF8BATVGxA5c8OJR6ZxaTarZJX7mY1WaPeP3Vifre3no5w==
  dependencies:
    "@ckeditor/ckeditor5-core" "41.2.1"
    "@ckeditor/ckeditor5-engine" "41.2.1"
    "@ckeditor/ckeditor5-utils" "41.2.1"

"@ckeditor/ckeditor5-essentials@41.2.1":
  version "41.2.1"
  resolved "https://registry.yarnpkg.com/@ckeditor/ckeditor5-essentials/-/ckeditor5-essentials-41.2.1.tgz#576ccb347c93adb73bfb55abc03fc052b73c60bf"
  integrity sha512-EQIuOI593YmmaZxwSSSkiE9J95VJS3aoGVv4mWohltKzuG/ayVWYqV2Y+KdRRyubAKPQ4YiFkrBIzcnS4ND0ng==
  dependencies:
    ckeditor5 "41.2.1"

"@ckeditor/ckeditor5-heading@41.2.1":
  version "41.2.1"
  resolved "https://registry.yarnpkg.com/@ckeditor/ckeditor5-heading/-/ckeditor5-heading-41.2.1.tgz#84ed4778b41ef413156aeea9a8601181488fe377"
  integrity sha512-Y9mVFvgWGfTU/kCTY8WLKnDzUYV3KlkmxvVp8DCi8zcdh5gMOSd5u/hnO5Z0EB5A0Y8JLzVFtKv6L24MEXDkhg==
  dependencies:
    ckeditor5 "41.2.1"

"@ckeditor/ckeditor5-image@41.2.1":
  version "41.2.1"
  resolved "https://registry.yarnpkg.com/@ckeditor/ckeditor5-image/-/ckeditor5-image-41.2.1.tgz#fdc63eafc2d1cac1ca73ecf4465aff642684abbf"
  integrity sha512-zls7WGvP1nQ2Qh8cj9TcqBoPW4ELIMizw1PyJQcG7lqymMEHDb21bwICk1eSAEqp0o16mAFBdNKKNzOd17CIgg==
  dependencies:
    "@ckeditor/ckeditor5-ui" "41.2.1"
    ckeditor5 "41.2.1"
    lodash-es "4.17.21"

"@ckeditor/ckeditor5-indent@41.2.1":
  version "41.2.1"
  resolved "https://registry.yarnpkg.com/@ckeditor/ckeditor5-indent/-/ckeditor5-indent-41.2.1.tgz#9f6115ba8b07b19f738fc473624f8e11c50935c4"
  integrity sha512-3kFrufnqt2nRCID+up6iy+Fp2OJgXkrtbKMbqYd4fHD0wuhD8MxqMvo5AmFBNXhlhO7YXns8Gmpps38WfD7UrA==
  dependencies:
    ckeditor5 "41.2.1"

"@ckeditor/ckeditor5-link@41.2.1":
  version "41.2.1"
  resolved "https://registry.yarnpkg.com/@ckeditor/ckeditor5-link/-/ckeditor5-link-41.2.1.tgz#4159e4ed4282ef253d68d20841ebce3300f6e63f"
  integrity sha512-rbYvzFQMD9hnYl+n21bO1/Vjgkj1S9vhv6WKukYOphHb45+g/7hcaQSjbEjcPMUu/qQYAOqK2SvrEGvFW9582Q==
  dependencies:
    "@ckeditor/ckeditor5-ui" "41.2.1"
    ckeditor5 "41.2.1"
    lodash-es "4.17.21"

"@ckeditor/ckeditor5-list@41.2.1":
  version "41.2.1"
  resolved "https://registry.yarnpkg.com/@ckeditor/ckeditor5-list/-/ckeditor5-list-41.2.1.tgz#5c325216a588ec41f460fe3b857e8ef05d4abf7d"
  integrity sha512-KM/B2osFTUi3I8ONyyJdhPd6sygBeplZt1IW5W/3QmDp+LDJqGg1pNDroo1ePIDlf6e67+OfW82pAuvtxmB11Q==
  dependencies:
    ckeditor5 "41.2.1"

"@ckeditor/ckeditor5-media-embed@41.2.1":
  version "41.2.1"
  resolved "https://registry.yarnpkg.com/@ckeditor/ckeditor5-media-embed/-/ckeditor5-media-embed-41.2.1.tgz#ab42ac2d7b4d35e14b26cc5e55a0b2008e1402e6"
  integrity sha512-L1EFVVMiJ0yrGJFrzJAdAxOJJaGVlj5D3ZJD8aE++M/keRGCq5xOmiG5LTRRIhqgF22Hwq6xsMxqT5b132ZqFQ==
  dependencies:
    "@ckeditor/ckeditor5-ui" "41.2.1"
    ckeditor5 "41.2.1"

"@ckeditor/ckeditor5-paragraph@41.2.1":
  version "41.2.1"
  resolved "https://registry.yarnpkg.com/@ckeditor/ckeditor5-paragraph/-/ckeditor5-paragraph-41.2.1.tgz#8a4da3459795a924ada3491c3ab4e67aa249899a"
  integrity sha512-j6OdPBFlA7BzU5wSmYFNfTuQbr64kq1uuTyDwXUvfQQvUqTAiA05sqWEzV1hc14Kc6uqVfoCFsYFI7xUEaaNvw==
  dependencies:
    "@ckeditor/ckeditor5-core" "41.2.1"
    "@ckeditor/ckeditor5-ui" "41.2.1"
    "@ckeditor/ckeditor5-utils" "41.2.1"

"@ckeditor/ckeditor5-paste-from-office@41.2.1":
  version "41.2.1"
  resolved "https://registry.yarnpkg.com/@ckeditor/ckeditor5-paste-from-office/-/ckeditor5-paste-from-office-41.2.1.tgz#7e94b09fd02cfbcae2d085cdae53096a812a5de4"
  integrity sha512-grT0W/ammC9PNa6u/9vPY9u5BX4y3ZpHAAgziirvZNaFNswzeXBNEIBGzTS0qK+7111eBEy255O+T4S6okBmCQ==
  dependencies:
    ckeditor5 "41.2.1"

"@ckeditor/ckeditor5-react@^6.2.0":
  version "6.2.0"
  resolved "https://registry.yarnpkg.com/@ckeditor/ckeditor5-react/-/ckeditor5-react-6.2.0.tgz#13e59d607f327eb11133e5b202440c6b119a4960"
  integrity sha512-i/6OdxJ3iOCU7eiZXS8KYhK645PEAMISs9eFz60c0AFXZX5NTMvNWM68ac/J5sfg+IQ9U6mJ3flSykbJVlf0kA==
  dependencies:
    prop-types "^15.7.2"

"@ckeditor/ckeditor5-select-all@41.2.1":
  version "41.2.1"
  resolved "https://registry.yarnpkg.com/@ckeditor/ckeditor5-select-all/-/ckeditor5-select-all-41.2.1.tgz#b1e12437273d152576f7f69015e51eef279ed2f0"
  integrity sha512-7or858oDDshJhGoNtyW8LGjFXlBsHKD+wR/ur1D+0DtKUfsznAWtvWPbKnirgmh3h6O0RZ+1X1GbgVnj0iZtnQ==
  dependencies:
    "@ckeditor/ckeditor5-core" "41.2.1"
    "@ckeditor/ckeditor5-ui" "41.2.1"
    "@ckeditor/ckeditor5-utils" "41.2.1"

"@ckeditor/ckeditor5-table@41.2.1":
  version "41.2.1"
  resolved "https://registry.yarnpkg.com/@ckeditor/ckeditor5-table/-/ckeditor5-table-41.2.1.tgz#bb894036b54fc27c082a687874d9c145241b8473"
  integrity sha512-6jg9QU3+rjKDdkMLJ9wwMyO8Aj+WFHKBbP1p/JNvYIiHIM5J3CC6i3LSGxaPM2T5eRMgduWKTu0+chraMsIDuA==
  dependencies:
    ckeditor5 "41.2.1"
    lodash-es "4.17.21"

"@ckeditor/ckeditor5-typing@41.2.1":
  version "41.2.1"
  resolved "https://registry.yarnpkg.com/@ckeditor/ckeditor5-typing/-/ckeditor5-typing-41.2.1.tgz#2b44746431bfe74b1d841991b5900ca2b48630b7"
  integrity sha512-jl90Ws7REa5StZXchF1uSCFvmnEGDuoJhIhDzPfzDRCd5ziyU3z325e0vs3V1CFebTlUAvfW9KC5jSVzketLqw==
  dependencies:
    "@ckeditor/ckeditor5-core" "41.2.1"
    "@ckeditor/ckeditor5-engine" "41.2.1"
    "@ckeditor/ckeditor5-utils" "41.2.1"
    lodash-es "4.17.21"

"@ckeditor/ckeditor5-ui@41.2.1":
  version "41.2.1"
  resolved "https://registry.yarnpkg.com/@ckeditor/ckeditor5-ui/-/ckeditor5-ui-41.2.1.tgz#2329847be01aa554bca24892abeffbe10013306a"
  integrity sha512-HmLqVLX44q23LadZmmsh0et9mexnhSrOXkU+0VzHmT4wmO/wbYcMGTMWJF96i5eOjLywzxWGctIdlnJ9ElFPdg==
  dependencies:
    "@ckeditor/ckeditor5-core" "41.2.1"
    "@ckeditor/ckeditor5-utils" "41.2.1"
    color-convert "2.0.1"
    color-parse "1.4.2"
    lodash-es "4.17.21"
    vanilla-colorful "0.7.2"

"@ckeditor/ckeditor5-undo@41.2.1":
  version "41.2.1"
  resolved "https://registry.yarnpkg.com/@ckeditor/ckeditor5-undo/-/ckeditor5-undo-41.2.1.tgz#b66f54c6c389de8ecef3280dc957369aef220032"
  integrity sha512-NlM8TdPNO+ygOcyb361OfzJ7UGi0QTbTFBAUMaZeOdxygaTJki5eFR69y4PCwYQfR2s7fHXqFLKhflPvJ2PpyQ==
  dependencies:
    "@ckeditor/ckeditor5-core" "41.2.1"
    "@ckeditor/ckeditor5-engine" "41.2.1"
    "@ckeditor/ckeditor5-ui" "41.2.1"

"@ckeditor/ckeditor5-upload@41.2.1":
  version "41.2.1"
  resolved "https://registry.yarnpkg.com/@ckeditor/ckeditor5-upload/-/ckeditor5-upload-41.2.1.tgz#0401e4eab96e78b1058041ca1ebd169f4a8ec134"
  integrity sha512-41nwrJkuPy8cqXQaELxmdnwd88KPm9RKBxVAAfdpCAU62tRyYnUbX05yHbLBGpmOUf0FK4Zw7ygSG2VVVcTicg==
  dependencies:
    "@ckeditor/ckeditor5-core" "41.2.1"
    "@ckeditor/ckeditor5-ui" "41.2.1"
    "@ckeditor/ckeditor5-utils" "41.2.1"

"@ckeditor/ckeditor5-utils@41.2.1":
  version "41.2.1"
  resolved "https://registry.yarnpkg.com/@ckeditor/ckeditor5-utils/-/ckeditor5-utils-41.2.1.tgz#d6d1cfe786976b7dea3696e97ed28d40ceb606c9"
  integrity sha512-yBtKU3QteYieEU3Wa8Wj1fea4CBFqmsemhesOIb7K5JYHFBs7xQ+efAaTWL+YTSOt/y50SEy2BCK+9mUkRohBg==
  dependencies:
    lodash-es "4.17.21"

"@ckeditor/ckeditor5-watchdog@41.2.1":
  version "41.2.1"
  resolved "https://registry.yarnpkg.com/@ckeditor/ckeditor5-watchdog/-/ckeditor5-watchdog-41.2.1.tgz#fe6448a626b28bca8cbdc71bcc6800f76bbc9cfe"
  integrity sha512-3Y/PPS9dTzIL/TsGf23lz4QxW6Y8/up62afict7YLH2p4g85KMxyDWhZJui8QYsonALjoWy34vSlMTI/WbMM4w==
  dependencies:
    lodash-es "4.17.21"

"@ckeditor/ckeditor5-widget@41.2.1":
  version "41.2.1"
  resolved "https://registry.yarnpkg.com/@ckeditor/ckeditor5-widget/-/ckeditor5-widget-41.2.1.tgz#c078b01fa92da96f47062b4e8fc0613ec08fda1d"
  integrity sha512-ugBC38lRbqRlU1LRd/spGyyTlizsTtf3EOTtqXRwq96bfZ5ltnEAMe0FP5agsQBo4IoVFWMZnUiU66xRCBPiBg==
  dependencies:
    "@ckeditor/ckeditor5-core" "41.2.1"
    "@ckeditor/ckeditor5-engine" "41.2.1"
    "@ckeditor/ckeditor5-enter" "41.2.1"
    "@ckeditor/ckeditor5-typing" "41.2.1"
    "@ckeditor/ckeditor5-ui" "41.2.1"
    "@ckeditor/ckeditor5-utils" "41.2.1"
    lodash-es "4.17.21"

blurhash@2.0.5:
  version "2.0.5"
  resolved "https://registry.yarnpkg.com/blurhash/-/blurhash-2.0.5.tgz#efde729fc14a2f03571a6aa91b49cba80d1abe4b"
  integrity sha512-cRygWd7kGBQO3VEhPiTgq4Wc43ctsM+o46urrmPOiuAe+07fzlSB9OJVdpgDL0jPqXUVQ9ht7aq7kxOeJHRK+w==

ckeditor4-integrations-common@^1.0.0:
  version "1.0.0"
  resolved "https://registry.yarnpkg.com/ckeditor4-integrations-common/-/ckeditor4-integrations-common-1.0.0.tgz#a8afc33b94877b4d01362c7c73aa9eec162b2d20"
  integrity sha512-OAoQT/gYrHkg0qgzf6MS/rndYhq3SScLVQ3rtXQeuCE8ju7nFHg3qZ7WGA2XpFxcZzsMP6hhugXqdel5vbcC3g==

ckeditor4-react@^5.1.0:
  version "5.1.0"
  resolved "https://registry.yarnpkg.com/ckeditor4-react/-/ckeditor4-react-5.1.0.tgz#8c78b73e933f5f8aad38cee5bb7f661e2fa1638a"
  integrity sha512-3wucf07fXmkb+S6ScBEtUVd41BfcSC0aoj4Oin0P4trKnjAGdfhlNXE/y+N8GAJTjX66jQHrO0gJbuIR905BMg==
  dependencies:
    ckeditor4-integrations-common "^1.0.0"
    prop-types "^15.8.1"

ckeditor5@41.2.1:
  version "41.2.1"
  resolved "https://registry.yarnpkg.com/ckeditor5/-/ckeditor5-41.2.1.tgz#e15773e78705b516acae6c4eac6392bb69cb312c"
  integrity sha512-AroYD5VK79HHdAKGqQ4Cz0sxN1oM4qJGhx3CIHvb53IcHXdQQUMtwJ2L123ylWWtUHiwimTYU5qCeD7Al8MwFQ==
  dependencies:
    "@ckeditor/ckeditor5-clipboard" "41.2.1"
    "@ckeditor/ckeditor5-core" "41.2.1"
    "@ckeditor/ckeditor5-engine" "41.2.1"
    "@ckeditor/ckeditor5-enter" "41.2.1"
    "@ckeditor/ckeditor5-paragraph" "41.2.1"
    "@ckeditor/ckeditor5-select-all" "41.2.1"
    "@ckeditor/ckeditor5-typing" "41.2.1"
    "@ckeditor/ckeditor5-ui" "41.2.1"
    "@ckeditor/ckeditor5-undo" "41.2.1"
    "@ckeditor/ckeditor5-upload" "41.2.1"
    "@ckeditor/ckeditor5-utils" "41.2.1"
    "@ckeditor/ckeditor5-watchdog" "41.2.1"
    "@ckeditor/ckeditor5-widget" "41.2.1"

color-convert@2.0.1:
  version "2.0.1"
  resolved "https://registry.yarnpkg.com/color-convert/-/color-convert-2.0.1.tgz#72d3a68d598c9bdb3af2ad1e84f21d896abd4de3"
  integrity sha512-RRECPsj7iu/xb5oKYcsFHSppFNnsj/52OVTRKb4zP5onXwVF3zVmmToNcOfGC+CRDpfK/U584fMg38ZHCaElKQ==
  dependencies:
    color-name "~1.1.4"

color-name@^1.0.0, color-name@~1.1.4:
  version "1.1.4"
  resolved "https://registry.yarnpkg.com/color-name/-/color-name-1.1.4.tgz#c2a09a87acbde69543de6f63fa3995c826c536a2"
  integrity sha512-dOy+3AuW3a2wNbZHIuMZpTcgjGuLU/uBL/ubcZF9OXbDo8ff4O8yVp5Bf0efS8uEoYo5q4Fx7dY9OgQGXgAsQA==

color-parse@1.4.2:
  version "1.4.2"
  resolved "https://registry.yarnpkg.com/color-parse/-/color-parse-1.4.2.tgz#78651f5d34df1a57f997643d86f7f87268ad4eb5"
  integrity sha512-RI7s49/8yqDj3fECFZjUI1Yi0z/Gq1py43oNJivAIIDSyJiOZLfYCRQEgn8HEVAj++PcRe8AnL2XF0fRJ3BTnA==
  dependencies:
    color-name "^1.0.0"

commander@^9.3.0:
  version "9.5.0"
  resolved "https://registry.yarnpkg.com/commander/-/commander-9.5.0.tgz#bc08d1eb5cedf7ccb797a96199d41c7bc3e60d30"
  integrity sha512-KRs7WVDKg86PWiuAqhDrAQnTXZKraVcCc6vFdL14qrZ/DcWwuRo7VoiYXalXO7S5GKpqYiVEwCbgFDfxNHKJBQ==

"js-tokens@^3.0.0 || ^4.0.0":
  version "4.0.0"
  resolved "https://registry.yarnpkg.com/js-tokens/-/js-tokens-4.0.0.tgz#19203fb59991df98e3a287050d4647cdeaf32499"
  integrity sha512-RdJUflcE3cUzKiMqQgsCu06FPu9UdIJO0beYbPhHN4k6apgJtifcoCtT9bcxOpYBtpD2kCM6Sbzg4CausW/PKQ==

lodash-es@4.17.21:
  version "4.17.21"
  resolved "https://registry.yarnpkg.com/lodash-es/-/lodash-es-4.17.21.tgz#43e626c46e6591b7750beb2b50117390c609e3ee"
  integrity sha512-mKnC+QJ9pWVzv+C4/U3rRsHapFfHvQFoFB92e52xeyGMcX6/OlIl78je1u8vePzYZSkkogMPJ2yjxxsb89cxyw==

loose-envify@^1.4.0:
  version "1.4.0"
  resolved "https://registry.yarnpkg.com/loose-envify/-/loose-envify-1.4.0.tgz#71ee51fa7be4caec1a63839f7e682d8132d30caf"
  integrity sha512-lyuxPGr/Wfhrlem2CL/UcnUc1zcqKAImBDzukY7Y5F/yQiNdko6+fRLevlw1HgMySw7f611UIY408EtxRSoK3Q==
  dependencies:
    js-tokens "^3.0.0 || ^4.0.0"

lorem-ipsum@^2.0.8:
  version "2.0.8"
  resolved "https://registry.yarnpkg.com/lorem-ipsum/-/lorem-ipsum-2.0.8.tgz#f969a089f2ac6f19cf01b854b61beabb0e6f3cbc"
  integrity sha512-5RIwHuCb979RASgCJH0VKERn9cQo/+NcAi2BMe9ddj+gp7hujl6BI+qdOG4nVsLDpwWEJwTVYXNKP6BGgbcoGA==
  dependencies:
    commander "^9.3.0"

object-assign@^4.1.1:
  version "4.1.1"
  resolved "https://registry.yarnpkg.com/object-assign/-/object-assign-4.1.1.tgz#2109adc7965887cfc05cbbd442cac8bfbb360863"
  integrity sha512-rJgTQnkUnH1sFw8yT6VSU3zD3sWmu6sZhIseY8VX+GRu3P6F7Fu+JNDoXfklElbLJSnc3FUQHVe4cU5hj+BcUg==

prop-types@^15.7.2, prop-types@^15.8.1:
  version "15.8.1"
  resolved "https://registry.yarnpkg.com/prop-types/-/prop-types-15.8.1.tgz#67d87bf1a694f48435cf332c24af10214a3140b5"
  integrity sha512-oj87CgZICdulUohogVAR7AjlC0327U4el4L6eAvOqCeudMDVU0NThNaV+b9Df4dXgSP1gXMTnPdhfe/2qDH5cg==
  dependencies:
    loose-envify "^1.4.0"
    object-assign "^4.1.1"
    react-is "^16.13.1"

react-is@^16.13.1:
  version "16.13.1"
  resolved "https://registry.yarnpkg.com/react-is/-/react-is-16.13.1.tgz#789729a4dc36de2999dc156dd6c1d9c18cea56a4"
  integrity sha512-24e6ynE2H+OKt4kqsOvNd8kBpV65zoxbA4BVsEOB3ARVWQki/DHzaUoC5KuON/BiccDaCCTZBuOcfZs70kR8bQ==

vanilla-colorful@0.7.2:
  version "0.7.2"
  resolved "https://registry.yarnpkg.com/vanilla-colorful/-/vanilla-colorful-0.7.2.tgz#3fb1f4b9f15b797e20fd1ce8e0364f33b073f4a2"
  integrity sha512-z2YZusTFC6KnLERx1cgoIRX2CjPRP0W75N+3CC6gbvdX5Ch47rZkEMGO2Xnf+IEmi3RiFLxS18gayMA27iU7Kg==
